{
  "version": "3",
  "packages": {
    "specifiers": {
      "npm:@types/webxr@^0.5.10": "npm:@types/webxr@0.5.14",
      "npm:esbuild@^0.18.17": "npm:esbuild@0.18.20",
      "npm:webxr-polyfill@^2.0.3": "npm:webxr-polyfill@2.0.3"
    },
    "npm": {
      "@esbuild/android-arm64@0.18.20": {
        "integrity": "sha512-Nz4rJcchGDtENV0eMKUNa6L12zz2zBDXuhj/Vjh18zGqB44Bi7MBMSXjgunJgjRhCmKOjnPuZp4Mb6OKqtMHLQ==",
        "dependencies": {}
      },
      "@esbuild/android-arm@0.18.20": {
        "integrity": "sha512-fyi7TDI/ijKKNZTUJAQqiG5T7YjJXgnzkURqmGj13C6dCqckZBLdl4h7bkhHt/t0WP+zO9/zwroDvANaOqO5Sw==",
        "dependencies": {}
      },
      "@esbuild/android-x64@0.18.20": {
        "integrity": "sha512-8GDdlePJA8D6zlZYJV/jnrRAi6rOiNaCC/JclcXpB+KIuvfBN4owLtgzY2bsxnx666XjJx2kDPUmnTtR8qKQUg==",
        "dependencies": {}
      },
      "@esbuild/darwin-arm64@0.18.20": {
        "integrity": "sha512-bxRHW5kHU38zS2lPTPOyuyTm+S+eobPUnTNkdJEfAddYgEcll4xkT8DB9d2008DtTbl7uJag2HuE5NZAZgnNEA==",
        "dependencies": {}
      },
      "@esbuild/darwin-x64@0.18.20": {
        "integrity": "sha512-pc5gxlMDxzm513qPGbCbDukOdsGtKhfxD1zJKXjCCcU7ju50O7MeAZ8c4krSJcOIJGFR+qx21yMMVYwiQvyTyQ==",
        "dependencies": {}
      },
      "@esbuild/freebsd-arm64@0.18.20": {
        "integrity": "sha512-yqDQHy4QHevpMAaxhhIwYPMv1NECwOvIpGCZkECn8w2WFHXjEwrBn3CeNIYsibZ/iZEUemj++M26W3cNR5h+Tw==",
        "dependencies": {}
      },
      "@esbuild/freebsd-x64@0.18.20": {
        "integrity": "sha512-tgWRPPuQsd3RmBZwarGVHZQvtzfEBOreNuxEMKFcd5DaDn2PbBxfwLcj4+aenoh7ctXcbXmOQIn8HI6mCSw5MQ==",
        "dependencies": {}
      },
      "@esbuild/linux-arm64@0.18.20": {
        "integrity": "sha512-2YbscF+UL7SQAVIpnWvYwM+3LskyDmPhe31pE7/aoTMFKKzIc9lLbyGUpmmb8a8AixOL61sQ/mFh3jEjHYFvdA==",
        "dependencies": {}
      },
      "@esbuild/linux-arm@0.18.20": {
        "integrity": "sha512-/5bHkMWnq1EgKr1V+Ybz3s1hWXok7mDFUMQ4cG10AfW3wL02PSZi5kFpYKrptDsgb2WAJIvRcDm+qIvXf/apvg==",
        "dependencies": {}
      },
      "@esbuild/linux-ia32@0.18.20": {
        "integrity": "sha512-P4etWwq6IsReT0E1KHU40bOnzMHoH73aXp96Fs8TIT6z9Hu8G6+0SHSw9i2isWrD2nbx2qo5yUqACgdfVGx7TA==",
        "dependencies": {}
      },
      "@esbuild/linux-loong64@0.18.20": {
        "integrity": "sha512-nXW8nqBTrOpDLPgPY9uV+/1DjxoQ7DoB2N8eocyq8I9XuqJ7BiAMDMf9n1xZM9TgW0J8zrquIb/A7s3BJv7rjg==",
        "dependencies": {}
      },
      "@esbuild/linux-mips64el@0.18.20": {
        "integrity": "sha512-d5NeaXZcHp8PzYy5VnXV3VSd2D328Zb+9dEq5HE6bw6+N86JVPExrA6O68OPwobntbNJ0pzCpUFZTo3w0GyetQ==",
        "dependencies": {}
      },
      "@esbuild/linux-ppc64@0.18.20": {
        "integrity": "sha512-WHPyeScRNcmANnLQkq6AfyXRFr5D6N2sKgkFo2FqguP44Nw2eyDlbTdZwd9GYk98DZG9QItIiTlFLHJHjxP3FA==",
        "dependencies": {}
      },
      "@esbuild/linux-riscv64@0.18.20": {
        "integrity": "sha512-WSxo6h5ecI5XH34KC7w5veNnKkju3zBRLEQNY7mv5mtBmrP/MjNBCAlsM2u5hDBlS3NGcTQpoBvRzqBcRtpq1A==",
        "dependencies": {}
      },
      "@esbuild/linux-s390x@0.18.20": {
        "integrity": "sha512-+8231GMs3mAEth6Ja1iK0a1sQ3ohfcpzpRLH8uuc5/KVDFneH6jtAJLFGafpzpMRO6DzJ6AvXKze9LfFMrIHVQ==",
        "dependencies": {}
      },
      "@esbuild/linux-x64@0.18.20": {
        "integrity": "sha512-UYqiqemphJcNsFEskc73jQ7B9jgwjWrSayxawS6UVFZGWrAAtkzjxSqnoclCXxWtfwLdzU+vTpcNYhpn43uP1w==",
        "dependencies": {}
      },
      "@esbuild/netbsd-x64@0.18.20": {
        "integrity": "sha512-iO1c++VP6xUBUmltHZoMtCUdPlnPGdBom6IrO4gyKPFFVBKioIImVooR5I83nTew5UOYrk3gIJhbZh8X44y06A==",
        "dependencies": {}
      },
      "@esbuild/openbsd-x64@0.18.20": {
        "integrity": "sha512-e5e4YSsuQfX4cxcygw/UCPIEP6wbIL+se3sxPdCiMbFLBWu0eiZOJ7WoD+ptCLrmjZBK1Wk7I6D/I3NglUGOxg==",
        "dependencies": {}
      },
      "@esbuild/sunos-x64@0.18.20": {
        "integrity": "sha512-kDbFRFp0YpTQVVrqUd5FTYmWo45zGaXe0X8E1G/LKFC0v8x0vWrhOWSLITcCn63lmZIxfOMXtCfti/RxN/0wnQ==",
        "dependencies": {}
      },
      "@esbuild/win32-arm64@0.18.20": {
        "integrity": "sha512-ddYFR6ItYgoaq4v4JmQQaAI5s7npztfV4Ag6NrhiaW0RrnOXqBkgwZLofVTlq1daVTQNhtI5oieTvkRPfZrePg==",
        "dependencies": {}
      },
      "@esbuild/win32-ia32@0.18.20": {
        "integrity": "sha512-Wv7QBi3ID/rROT08SABTS7eV4hX26sVduqDOTe1MvGMjNd3EjOz4b7zeexIR62GTIEKrfJXKL9LFxTYgkyeu7g==",
        "dependencies": {}
      },
      "@esbuild/win32-x64@0.18.20": {
        "integrity": "sha512-kTdfRcSiDfQca/y9QIkng02avJ+NCaQvrMejlsB3RRv5sE9rRoeBPISaZpKxHELzRxZyLvNts1P27W3wV+8geQ==",
        "dependencies": {}
      },
      "@types/webxr@0.5.14": {
        "integrity": "sha512-UEMMm/Xn3DtEa+gpzUrOcDj+SJS1tk5YodjwOxcqStNhCfPcwgyC5Srg2ToVKyg2Fhq16Ffpb0UWUQHqoT9AMA==",
        "dependencies": {}
      },
      "cardboard-vr-display@1.0.19": {
        "integrity": "sha512-+MjcnWKAkb95p68elqZLDPzoiF/dGncQilLGvPBM5ZorABp/ao3lCs7nnRcYBckmuNkg1V/5rdGDKoUaCVsHzQ==",
        "dependencies": {
          "gl-preserve-state": "gl-preserve-state@1.0.0",
          "nosleep.js": "nosleep.js@0.7.0",
          "webvr-polyfill-dpdb": "webvr-polyfill-dpdb@1.0.18"
        }
      },
      "esbuild@0.18.20": {
        "integrity": "sha512-ceqxoedUrcayh7Y7ZX6NdbbDzGROiyVBgC4PriJThBKSVPWnnFHZAkfI1lJT8QFkOwH4qOS2SJkS4wvpGl8BpA==",
        "dependencies": {
          "@esbuild/android-arm": "@esbuild/android-arm@0.18.20",
          "@esbuild/android-arm64": "@esbuild/android-arm64@0.18.20",
          "@esbuild/android-x64": "@esbuild/android-x64@0.18.20",
          "@esbuild/darwin-arm64": "@esbuild/darwin-arm64@0.18.20",
          "@esbuild/darwin-x64": "@esbuild/darwin-x64@0.18.20",
          "@esbuild/freebsd-arm64": "@esbuild/freebsd-arm64@0.18.20",
          "@esbuild/freebsd-x64": "@esbuild/freebsd-x64@0.18.20",
          "@esbuild/linux-arm": "@esbuild/linux-arm@0.18.20",
          "@esbuild/linux-arm64": "@esbuild/linux-arm64@0.18.20",
          "@esbuild/linux-ia32": "@esbuild/linux-ia32@0.18.20",
          "@esbuild/linux-loong64": "@esbuild/linux-loong64@0.18.20",
          "@esbuild/linux-mips64el": "@esbuild/linux-mips64el@0.18.20",
          "@esbuild/linux-ppc64": "@esbuild/linux-ppc64@0.18.20",
          "@esbuild/linux-riscv64": "@esbuild/linux-riscv64@0.18.20",
          "@esbuild/linux-s390x": "@esbuild/linux-s390x@0.18.20",
          "@esbuild/linux-x64": "@esbuild/linux-x64@0.18.20",
          "@esbuild/netbsd-x64": "@esbuild/netbsd-x64@0.18.20",
          "@esbuild/openbsd-x64": "@esbuild/openbsd-x64@0.18.20",
          "@esbuild/sunos-x64": "@esbuild/sunos-x64@0.18.20",
          "@esbuild/win32-arm64": "@esbuild/win32-arm64@0.18.20",
          "@esbuild/win32-ia32": "@esbuild/win32-ia32@0.18.20",
          "@esbuild/win32-x64": "@esbuild/win32-x64@0.18.20"
        }
      },
      "gl-matrix@2.8.1": {
        "integrity": "sha512-0YCjVpE3pS5XWlN3J4X7AiAx65+nqAI54LndtVFnQZB6G/FVLkZH8y8V6R3cIoOQR4pUdfwQGd1iwyoXHJ4Qfw==",
        "dependencies": {}
      },
      "gl-preserve-state@1.0.0": {
        "integrity": "sha512-zQZ25l3haD4hvgJZ6C9+s0ebdkW9y+7U2qxvGu1uWOJh8a4RU+jURIKEQhf8elIlFpMH6CrAY2tH0mYrRjet3Q==",
        "dependencies": {}
      },
      "nosleep.js@0.7.0": {
        "integrity": "sha512-Z4B1HgvzR+en62ghwZf6BwAR6x4/pjezsiMcbF9KMLh7xoscpoYhaSXfY3lLkqC68AtW+/qLJ1lzvBIj0FGaTA==",
        "dependencies": {}
      },
      "webvr-polyfill-dpdb@1.0.18": {
        "integrity": "sha512-O0S1ZGEWyPvyZEkS2VbyV7mtir/NM9MNK3EuhbHPoJ8EHTky2pTXehjIl+IiDPr+Lldgx129QGt3NGly7rwRPw==",
        "dependencies": {}
      },
      "webxr-polyfill@2.0.3": {
        "integrity": "sha512-lgTKYVeD4HeTwWdJN+SeS6iflGx3epz/3dww9X4GyuuXmYGAV5p8l34jUM/HRGHn1jKS3oZNZRC/J9MlSk/Zhg==",
        "dependencies": {
          "cardboard-vr-display": "cardboard-vr-display@1.0.19",
          "gl-matrix": "gl-matrix@2.8.1"
        }
      }
    }
  },
  "remote": {},
  "workspace": {
    "packageJson": {
      "dependencies": [
        "npm:@types/webxr@^0.5.10",
        "npm:esbuild@^0.18.17",
        "npm:webxr-polyfill@^2.0.3"
      ]
    }
  }
}
